
Microsoft Visual Studio Solution File, Format Version 12.00
# Visual Studio Version 16
VisualStudioVersion = 16.0.31019.35
MinimumVisualStudioVersion = 10.0.40219.1
Project("{9A19103F-16F7-4668-BE54-9A1E7A4F7556}") = "FizzBaz", "FizzBaz\FizzBaz.csproj", "{3B5398E4-B88D-4F64-9CAF-B9FF5BEAB626}"
EndProject
Project("{FAE04EC0-301F-11D3-BF4B-00C04F79EFBC}") = "FizzBuzz.Test", "FizzBuzz.Test\FizzBuzz.Test.csproj", "{2B7B6D02-3CA2-4D15-B74F-75295A16656B}"
EndProject
Global
	GlobalSection(SolutionConfigurationPlatforms) = preSolution
		Debug|Any CPU = Debug|Any CPU
		Release|Any CPU = Release|Any CPU
	EndGlobalSection
	GlobalSection(ProjectConfigurationPlatforms) = postSolution
		{3B5398E4-B88D-4F64-9CAF-B9FF5BEAB626}.Debug|Any CPU.ActiveCfg = Debug|Any CPU
		{3B5398E4-B88D-4F64-9CAF-B9FF5BEAB626}.Debug|Any CPU.Build.0 = Debug|Any CPU
		{3B5398E4-B88D-4F64-9CAF-B9FF5BEAB626}.Release|Any CPU.ActiveCfg = Release|Any CPU
		{3B5398E4-B88D-4F64-9CAF-B9FF5BEAB626}.Release|Any CPU.Build.0 = Release|Any CPU
		{2B7B6D02-3CA2-4D15-B74F-75295A16656B}.Debug|Any CPU.ActiveCfg = Debug|Any CPU
		{2B7B6D02-3CA2-4D15-B74F-75295A16656B}.Debug|Any CPU.Build.0 = Debug|Any CPU
		{2B7B6D02-3CA2-4D15-B74F-75295A16656B}.Release|Any CPU.ActiveCfg = Release|Any CPU
		{2B7B6D02-3CA2-4D15-B74F-75295A16656B}.Release|Any CPU.Build.0 = Release|Any CPU
	EndGlobalSection
	GlobalSection(SolutionProperties) = preSolution
		HideSolutionNode = FALSE
	EndGlobalSection
	GlobalSection(ExtensibilityGlobals) = postSolution
		SolutionGuid = {914123E4-2A4C-4AFF-9815-1E1A965B2711}
	EndGlobalSection
EndGlobal
