
Microsoft Visual Studio Solution File, Format Version 12.00
# Visual Studio Version 16
VisualStudioVersion = 16.0.31019.35
MinimumVisualStudioVersion = 10.0.40219.1
Project("{FAE04EC0-301F-11D3-BF4B-00C04F79EFBC}") = "Math", "Math\Math.csproj", "{9EE83A04-D8F3-4AD1-847C-BC18D255D09D}"
EndProject
Global
	GlobalSection(SolutionConfigurationPlatforms) = preSolution
		Debug|Any CPU = Debug|Any CPU
		Release|Any CPU = Release|Any CPU
	EndGlobalSection
	GlobalSection(ProjectConfigurationPlatforms) = postSolution
		{9EE83A04-D8F3-4AD1-847C-BC18D255D09D}.Debug|Any CPU.ActiveCfg = Debug|Any CPU
		{9EE83A04-D8F3-4AD1-847C-BC18D255D09D}.Debug|Any CPU.Build.0 = Debug|Any CPU
		{9EE83A04-D8F3-4AD1-847C-BC18D255D09D}.Release|Any CPU.ActiveCfg = Release|Any CPU
		{9EE83A04-D8F3-4AD1-847C-BC18D255D09D}.Release|Any CPU.Build.0 = Release|Any CPU
	EndGlobalSection
	GlobalSection(SolutionProperties) = preSolution
		HideSolutionNode = FALSE
	EndGlobalSection
	GlobalSection(ExtensibilityGlobals) = postSolution
		SolutionGuid = {914123E4-2A4C-4AFF-9815-1E1A965B2711}
	EndGlobalSection
EndGlobal
